
Microsoft Visual Studio Solution File, Format Version 12.00
# Visual Studio Version 17
VisualStudioVersion = 17.9.34728.123
MinimumVisualStudioVersion = 10.0.40219.1
Project("{FAE04EC0-301F-11D3-BF4B-00C04F79EFBC}") = "WpfApp1", "WpfApp1\WpfApp1.csproj", "{B57EFC84-C04C-433A-ADEB-CB54DEC89BB6}"
EndProject
Global
	GlobalSection(SolutionConfigurationPlatforms) = preSolution
		Debug|Any CPU = Debug|Any CPU
		Release|Any CPU = Release|Any CPU
	EndGlobalSection
	GlobalSection(ProjectConfigurationPlatforms) = postSolution
		{B57EFC84-C04C-433A-ADEB-CB54DEC89BB6}.Debug|Any CPU.ActiveCfg = Debug|Any CPU
		{B57EFC84-C04C-433A-ADEB-CB54DEC89BB6}.Debug|Any CPU.Build.0 = Debug|Any CPU
		{B57EFC84-C04C-433A-ADEB-CB54DEC89BB6}.Release|Any CPU.ActiveCfg = Release|Any CPU
		{B57EFC84-C04C-433A-ADEB-CB54DEC89BB6}.Release|Any CPU.Build.0 = Release|Any CPU
	EndGlobalSection
	GlobalSection(SolutionProperties) = preSolution
		HideSolutionNode = FALSE
	EndGlobalSection
	GlobalSection(ExtensibilityGlobals) = postSolution
		SolutionGuid = {BF3333E9-4CBC-4F9D-B97D-9F021A8AC650}
	EndGlobalSection
EndGlobal
